
Microsoft Visual Studio Solution File, Format Version 12.00
# Visual Studio 15
VisualStudioVersion = 15.0.28307.852
MinimumVisualStudioVersion = 10.0.40219.1
Project("{FAE04EC0-301F-11D3-BF4B-00C04F79EFBC}") = "WebApplicationMVC", "WebApplicationMVC\WebApplicationMVC.csproj", "{DA760CDA-C252-4376-99B5-EEDD7574C8AD}"
EndProject
Global
	GlobalSection(SolutionConfigurationPlatforms) = preSolution
		Debug|Any CPU = Debug|Any CPU
		Release|Any CPU = Release|Any CPU
	EndGlobalSection
	GlobalSection(ProjectConfigurationPlatforms) = postSolution
		{DA760CDA-C252-4376-99B5-EEDD7574C8AD}.Debug|Any CPU.ActiveCfg = Debug|Any CPU
		{DA760CDA-C252-4376-99B5-EEDD7574C8AD}.Debug|Any CPU.Build.0 = Debug|Any CPU
		{DA760CDA-C252-4376-99B5-EEDD7574C8AD}.Release|Any CPU.ActiveCfg = Release|Any CPU
		{DA760CDA-C252-4376-99B5-EEDD7574C8AD}.Release|Any CPU.Build.0 = Release|Any CPU
	EndGlobalSection
	GlobalSection(SolutionProperties) = preSolution
		HideSolutionNode = FALSE
	EndGlobalSection
	GlobalSection(ExtensibilityGlobals) = postSolution
		SolutionGuid = {96144FDE-646B-440E-AD67-21E80141BAB5}
	EndGlobalSection
EndGlobal
